
Microsoft Visual Studio Solution File, Format Version 12.00
Project("{FAE04EC0-301F-11D3-BF4B-00C04F79EFBC}") = "My.ModularMonolith.MyAModule.Api", "src\My.ModularMonolith.MyAModule.Api\My.ModularMonolith.MyAModule.Api.csproj", "{3758F3B7-97D3-412E-9FD7-2B39633B391D}"
EndProject
Project("{2150E333-8FDC-42A3-9474-1A3956D46DE8}") = "0 - Solution Items", "0 - Solution Items", "{B50E5179-53BE-41EB-84DC-0E337F3C5A4C}"
	ProjectSection(SolutionItems) = preProject
		README.md = README.md
		.config\dotnet-tools.json = .config\dotnet-tools.json
	EndProjectSection
EndProject
Project("{2150E333-8FDC-42A3-9474-1A3956D46DE8}") = "1 - Module A", "1 - Module A", "{3A4C6FF1-FD91-45E3-846E-F11261A701B9}"
	ProjectSection(SolutionItems) = preProject
	EndProjectSection
EndProject
Project("{FAE04EC0-301F-11D3-BF4B-00C04F79EFBC}") = "My.ModularMonolith.Api", "src\My.ModularMonolith.Api\My.ModularMonolith.Api.csproj", "{72B430A6-28CF-4FB0-876B-0EFA8DC10D8A}"
EndProject
Project("{2150E333-8FDC-42A3-9474-1A3956D46DE8}") = "2 - Module B", "2 - Module B", "{380F5E71-BD69-4897-9677-A6FCF95485C0}"
EndProject
Project("{FAE04EC0-301F-11D3-BF4B-00C04F79EFBC}") = "My.ModularMonolith.MyBModule.Api", "src\My.ModularMonolith.MyBModule.Api\My.ModularMonolith.MyBModule.Api.csproj", "{747CD97F-DD8A-44AD-AB62-24FBCCD3C982}"
EndProject
Project("{FAE04EC0-301F-11D3-BF4B-00C04F79EFBC}") = "My.ModularMonolith.Common", "src\My.ModularMonolith.Common\My.ModularMonolith.Common.csproj", "{C299653A-DA4F-4328-8349-964BF5040C00}"
EndProject
Project("{2150E333-8FDC-42A3-9474-1A3956D46DE8}") = "Tools", "Tools", "{607E52AD-4B38-418D-BF61-EF2F8DA09E76}"
	ProjectSection(SolutionItems) = preProject
		cliensdkgenerator.ps1 = cliensdkgenerator.ps1
		start.ps1 = start.ps1
		runDockerDB.ps1 = runDockerDB.ps1
		ef.ps1 = ef.ps1
	EndProjectSection
EndProject
Project("{FAE04EC0-301F-11D3-BF4B-00C04F79EFBC}") = "My.ModularMonolith.MyAModule.Client.SDK", "src\My.ModularMonolith.MyAModule.Client.SDK\My.ModularMonolith.MyAModule.Client.SDK.csproj", "{48EF4D43-1772-4F73-A1CB-8A75E00CAEA5}"
EndProject
Project("{FAE04EC0-301F-11D3-BF4B-00C04F79EFBC}") = "My.ModularMonolith.MyBModule.Client.SDK", "src\My.ModularMonolith.MyBModule.Client.SDK\My.ModularMonolith.MyBModule.Client.SDK.csproj", "{705826DA-9A0F-420F-921A-4C9112D71D52}"
EndProject
Project("{FAE04EC0-301F-11D3-BF4B-00C04F79EFBC}") = "My.ModularMonolith.MyAModule.Domain", "src\My.ModularMonolith.MyAModule.Domain\My.ModularMonolith.MyAModule.Domain.csproj", "{A82D076B-F75D-4127-B5E5-C89F2F78995F}"
EndProject
Project("{FAE04EC0-301F-11D3-BF4B-00C04F79EFBC}") = "My.ModularMonolith.MyAModule.Infrastructure", "src\My.ModularMonolith.MyAModule.Infrastructure\My.ModularMonolith.MyAModule.Infrastructure.csproj", "{FA7DB624-E692-4EB0-AC99-A651196BCD61}"
EndProject
Project("{FAE04EC0-301F-11D3-BF4B-00C04F79EFBC}") = "My.ModularMonolith.MyBModule.Domain", "src\My.ModularMonolith.MyBModule.Domain\My.ModularMonolith.MyBModule.Domain.csproj", "{4628955C-9377-41CD-9F09-C0B6883ADA77}"
EndProject
Project("{FAE04EC0-301F-11D3-BF4B-00C04F79EFBC}") = "My.ModularMonolith.MyBModule.Infrastructure", "src\My.ModularMonolith.MyBModule.Infrastructure\My.ModularMonolith.MyBModule.Infrastructure.csproj", "{D32288A0-8B05-4F8B-BDA8-7F8BF0C2A866}"
EndProject
Project("{2150E333-8FDC-42A3-9474-1A3956D46DE8}") = "Tests", "Tests", "{175085DC-3884-4550-B094-8B2F55EFCABD}"
EndProject
Project("{FAE04EC0-301F-11D3-BF4B-00C04F79EFBC}") = "My.ModularMonolith.MyAModule.Api.IntegrationTests", "tests\My.ModularMonolith.MyAModule.Api.IntegrationTests\My.ModularMonolith.MyAModule.Api.IntegrationTests.csproj", "{F3550461-721A-4320-819C-C87221A21AAA}"
EndProject
Global
	GlobalSection(SolutionConfigurationPlatforms) = preSolution
		Debug|Any CPU = Debug|Any CPU
		Release|Any CPU = Release|Any CPU
	EndGlobalSection
	GlobalSection(ProjectConfigurationPlatforms) = postSolution
		{3758F3B7-97D3-412E-9FD7-2B39633B391D}.Debug|Any CPU.ActiveCfg = Debug|Any CPU
		{3758F3B7-97D3-412E-9FD7-2B39633B391D}.Debug|Any CPU.Build.0 = Debug|Any CPU
		{3758F3B7-97D3-412E-9FD7-2B39633B391D}.Release|Any CPU.ActiveCfg = Release|Any CPU
		{3758F3B7-97D3-412E-9FD7-2B39633B391D}.Release|Any CPU.Build.0 = Release|Any CPU
		{72B430A6-28CF-4FB0-876B-0EFA8DC10D8A}.Debug|Any CPU.ActiveCfg = Debug|Any CPU
		{72B430A6-28CF-4FB0-876B-0EFA8DC10D8A}.Debug|Any CPU.Build.0 = Debug|Any CPU
		{72B430A6-28CF-4FB0-876B-0EFA8DC10D8A}.Release|Any CPU.ActiveCfg = Release|Any CPU
		{72B430A6-28CF-4FB0-876B-0EFA8DC10D8A}.Release|Any CPU.Build.0 = Release|Any CPU
		{747CD97F-DD8A-44AD-AB62-24FBCCD3C982}.Debug|Any CPU.ActiveCfg = Debug|Any CPU
		{747CD97F-DD8A-44AD-AB62-24FBCCD3C982}.Debug|Any CPU.Build.0 = Debug|Any CPU
		{747CD97F-DD8A-44AD-AB62-24FBCCD3C982}.Release|Any CPU.ActiveCfg = Release|Any CPU
		{747CD97F-DD8A-44AD-AB62-24FBCCD3C982}.Release|Any CPU.Build.0 = Release|Any CPU
		{C299653A-DA4F-4328-8349-964BF5040C00}.Debug|Any CPU.ActiveCfg = Debug|Any CPU
		{C299653A-DA4F-4328-8349-964BF5040C00}.Debug|Any CPU.Build.0 = Debug|Any CPU
		{C299653A-DA4F-4328-8349-964BF5040C00}.Release|Any CPU.ActiveCfg = Release|Any CPU
		{C299653A-DA4F-4328-8349-964BF5040C00}.Release|Any CPU.Build.0 = Release|Any CPU
		{48EF4D43-1772-4F73-A1CB-8A75E00CAEA5}.Debug|Any CPU.ActiveCfg = Debug|Any CPU
		{48EF4D43-1772-4F73-A1CB-8A75E00CAEA5}.Debug|Any CPU.Build.0 = Debug|Any CPU
		{48EF4D43-1772-4F73-A1CB-8A75E00CAEA5}.Release|Any CPU.ActiveCfg = Release|Any CPU
		{48EF4D43-1772-4F73-A1CB-8A75E00CAEA5}.Release|Any CPU.Build.0 = Release|Any CPU
		{705826DA-9A0F-420F-921A-4C9112D71D52}.Debug|Any CPU.ActiveCfg = Debug|Any CPU
		{705826DA-9A0F-420F-921A-4C9112D71D52}.Debug|Any CPU.Build.0 = Debug|Any CPU
		{705826DA-9A0F-420F-921A-4C9112D71D52}.Release|Any CPU.ActiveCfg = Release|Any CPU
		{705826DA-9A0F-420F-921A-4C9112D71D52}.Release|Any CPU.Build.0 = Release|Any CPU
		{A82D076B-F75D-4127-B5E5-C89F2F78995F}.Debug|Any CPU.ActiveCfg = Debug|Any CPU
		{A82D076B-F75D-4127-B5E5-C89F2F78995F}.Debug|Any CPU.Build.0 = Debug|Any CPU
		{A82D076B-F75D-4127-B5E5-C89F2F78995F}.Release|Any CPU.ActiveCfg = Release|Any CPU
		{A82D076B-F75D-4127-B5E5-C89F2F78995F}.Release|Any CPU.Build.0 = Release|Any CPU
		{FA7DB624-E692-4EB0-AC99-A651196BCD61}.Debug|Any CPU.ActiveCfg = Debug|Any CPU
		{FA7DB624-E692-4EB0-AC99-A651196BCD61}.Debug|Any CPU.Build.0 = Debug|Any CPU
		{FA7DB624-E692-4EB0-AC99-A651196BCD61}.Release|Any CPU.ActiveCfg = Release|Any CPU
		{FA7DB624-E692-4EB0-AC99-A651196BCD61}.Release|Any CPU.Build.0 = Release|Any CPU
		{4628955C-9377-41CD-9F09-C0B6883ADA77}.Debug|Any CPU.ActiveCfg = Debug|Any CPU
		{4628955C-9377-41CD-9F09-C0B6883ADA77}.Debug|Any CPU.Build.0 = Debug|Any CPU
		{4628955C-9377-41CD-9F09-C0B6883ADA77}.Release|Any CPU.ActiveCfg = Release|Any CPU
		{4628955C-9377-41CD-9F09-C0B6883ADA77}.Release|Any CPU.Build.0 = Release|Any CPU
		{D32288A0-8B05-4F8B-BDA8-7F8BF0C2A866}.Debug|Any CPU.ActiveCfg = Debug|Any CPU
		{D32288A0-8B05-4F8B-BDA8-7F8BF0C2A866}.Debug|Any CPU.Build.0 = Debug|Any CPU
		{D32288A0-8B05-4F8B-BDA8-7F8BF0C2A866}.Release|Any CPU.ActiveCfg = Release|Any CPU
		{D32288A0-8B05-4F8B-BDA8-7F8BF0C2A866}.Release|Any CPU.Build.0 = Release|Any CPU
		{F3550461-721A-4320-819C-C87221A21AAA}.Debug|Any CPU.ActiveCfg = Debug|Any CPU
		{F3550461-721A-4320-819C-C87221A21AAA}.Debug|Any CPU.Build.0 = Debug|Any CPU
		{F3550461-721A-4320-819C-C87221A21AAA}.Release|Any CPU.ActiveCfg = Release|Any CPU
		{F3550461-721A-4320-819C-C87221A21AAA}.Release|Any CPU.Build.0 = Release|Any CPU
	EndGlobalSection
	GlobalSection(NestedProjects) = preSolution
		{3758F3B7-97D3-412E-9FD7-2B39633B391D} = {3A4C6FF1-FD91-45E3-846E-F11261A701B9}
		{747CD97F-DD8A-44AD-AB62-24FBCCD3C982} = {380F5E71-BD69-4897-9677-A6FCF95485C0}
		{607E52AD-4B38-418D-BF61-EF2F8DA09E76} = {B50E5179-53BE-41EB-84DC-0E337F3C5A4C}
		{48EF4D43-1772-4F73-A1CB-8A75E00CAEA5} = {3A4C6FF1-FD91-45E3-846E-F11261A701B9}
		{705826DA-9A0F-420F-921A-4C9112D71D52} = {380F5E71-BD69-4897-9677-A6FCF95485C0}
		{A82D076B-F75D-4127-B5E5-C89F2F78995F} = {3A4C6FF1-FD91-45E3-846E-F11261A701B9}
		{FA7DB624-E692-4EB0-AC99-A651196BCD61} = {3A4C6FF1-FD91-45E3-846E-F11261A701B9}
		{4628955C-9377-41CD-9F09-C0B6883ADA77} = {380F5E71-BD69-4897-9677-A6FCF95485C0}
		{D32288A0-8B05-4F8B-BDA8-7F8BF0C2A866} = {380F5E71-BD69-4897-9677-A6FCF95485C0}
		{175085DC-3884-4550-B094-8B2F55EFCABD} = {3A4C6FF1-FD91-45E3-846E-F11261A701B9}
		{F3550461-721A-4320-819C-C87221A21AAA} = {175085DC-3884-4550-B094-8B2F55EFCABD}
	EndGlobalSection
EndGlobal
